
Microsoft Visual Studio Solution File, Format Version 12.00
# Visual Studio 15
VisualStudioVersion = 15.0.28307.271
MinimumVisualStudioVersion = 10.0.40219.1
Project("{FAE04EC0-301F-11D3-BF4B-00C04F79EFBC}") = "FTPWebApplication", "FTPWebApplication\FTPWebApplication.csproj", "{547097B8-8E3F-46DB-B9AA-813F934A0D13}"
EndProject
Project("{FAE04EC0-301F-11D3-BF4B-00C04F79EFBC}") = "FTPWebApplicationBusiness", "FTPWebApplicationBusiness\FTPWebApplicationBusiness.csproj", "{5A7D43A0-981B-4128-85FF-A4F92EBA33EA}"
EndProject
Project("{FAE04EC0-301F-11D3-BF4B-00C04F79EFBC}") = "FTPWebApplicationDataAccess", "FTPWebApplicationDataAccess\FTPWebApplicationDataAccess.csproj", "{381A56C6-9130-4E3C-96D2-924ED72767E8}"
EndProject
Global
	GlobalSection(SolutionConfigurationPlatforms) = preSolution
		Debug|Any CPU = Debug|Any CPU
		Release|Any CPU = Release|Any CPU
	EndGlobalSection
	GlobalSection(ProjectConfigurationPlatforms) = postSolution
		{547097B8-8E3F-46DB-B9AA-813F934A0D13}.Debug|Any CPU.ActiveCfg = Debug|Any CPU
		{547097B8-8E3F-46DB-B9AA-813F934A0D13}.Debug|Any CPU.Build.0 = Debug|Any CPU
		{547097B8-8E3F-46DB-B9AA-813F934A0D13}.Release|Any CPU.ActiveCfg = Release|Any CPU
		{547097B8-8E3F-46DB-B9AA-813F934A0D13}.Release|Any CPU.Build.0 = Release|Any CPU
		{5A7D43A0-981B-4128-85FF-A4F92EBA33EA}.Debug|Any CPU.ActiveCfg = Debug|Any CPU
		{5A7D43A0-981B-4128-85FF-A4F92EBA33EA}.Debug|Any CPU.Build.0 = Debug|Any CPU
		{5A7D43A0-981B-4128-85FF-A4F92EBA33EA}.Release|Any CPU.ActiveCfg = Release|Any CPU
		{5A7D43A0-981B-4128-85FF-A4F92EBA33EA}.Release|Any CPU.Build.0 = Release|Any CPU
		{381A56C6-9130-4E3C-96D2-924ED72767E8}.Debug|Any CPU.ActiveCfg = Debug|Any CPU
		{381A56C6-9130-4E3C-96D2-924ED72767E8}.Debug|Any CPU.Build.0 = Debug|Any CPU
		{381A56C6-9130-4E3C-96D2-924ED72767E8}.Release|Any CPU.ActiveCfg = Release|Any CPU
		{381A56C6-9130-4E3C-96D2-924ED72767E8}.Release|Any CPU.Build.0 = Release|Any CPU
	EndGlobalSection
	GlobalSection(SolutionProperties) = preSolution
		HideSolutionNode = FALSE
	EndGlobalSection
	GlobalSection(ExtensibilityGlobals) = postSolution
		SolutionGuid = {3D75E7C4-A0A0-4290-9471-8D53D848F229}
	EndGlobalSection
EndGlobal
